<?xml version="1.0" encoding="utf-8"?>
<Project ToolsVersion="4.0" xmlns="http://schemas.microsoft.com/developer/msbuild/2003">
  <ItemGroup>
    <Filter Include="源文件">
      <UniqueIdentifier>{4FC737F1-C7A5-4376-A066-2A32D752A2FF}</UniqueIdentifier>
      <Extensions>cpp;c;cc;cxx;c++;cppm;ixx;def;odl;idl;hpj;bat;asm;asmx</Extensions>
    </Filter>
    <Filter Include="头文件">
      <UniqueIdentifier>{93995380-89BD-4b04-88EB-625FBE52EBFB}</UniqueIdentifier>
      <Extensions>h;hh;hpp;hxx;h++;hm;inl;inc;ipp;xsd</Extensions>
    </Filter>
    <Filter Include="资源文件">
      <UniqueIdentifier>{67DA6AB6-F800-4c08-8B7A-83BB121AAD01}</UniqueIdentifier>
      <Extensions>rc;ico;cur;bmp;dlg;rc2;rct;bin;rgs;gif;jpg;jpeg;jpe;resx;tiff;tif;png;wav;mfcribbon-ms</Extensions>
    </Filter>
  </ItemGroup>
  <ItemGroup>
    <ClCompile Include="src\test.cpp">
      <Filter>源文件</Filter>
    </ClCompile>
    <ClCompile Include="..\dependencies\src\glad.c">
      <Filter>源文件</Filter>
    </ClCompile>
  </ItemGroup>
  <ItemGroup>
    <ClInclude Include="src\Shader.h">
      <Filter>头文件</Filter>
    </ClInclude>
    <ClInclude Include="head.h">
      <Filter>头文件</Filter>
    </ClInclude>
    <ClInclude Include="src\cube.h">
      <Filter>头文件</Filter>
    </ClInclude>
    <ClInclude Include="src\camera.h">
      <Filter>头文件</Filter>
    </ClInclude>
    <ClInclude Include="src\sphere.h">
      <Filter>头文件</Filter>
    </ClInclude>
    <ClInclude Include="src\solar.h">
      <Filter>头文件</Filter>
    </ClInclude>
    <ClInclude Include="src\light.h">
      <Filter>头文件</Filter>
    </ClInclude>
    <ClInclude Include="src\dda.h">
      <Filter>头文件</Filter>
    </ClInclude>
    <ClInclude Include="src\Bresenham.h">
      <Filter>头文件</Filter>
    </ClInclude>
    <ClInclude Include="stb_image.h">
      <Filter>头文件</Filter>
    </ClInclude>
    <ClInclude Include="src\texture.h">
      <Filter>头文件</Filter>
    </ClInclude>
    <ClInclude Include="src\skybox.h">
      <Filter>头文件</Filter>
    </ClInclude>
  </ItemGroup>
  <ItemGroup>
    <None Include="vertex_1.vs">
      <Filter>源文件</Filter>
    </None>
    <None Include="fragment_1.fs">
      <Filter>源文件</Filter>
    </None>
    <None Include="fragment_2.fs" />
    <None Include="vertex_2.vs" />
    <None Include="vertex_3.vs" />
    <None Include="fragment_3.fs" />
    <None Include="lightvertex_1.vs" />
    <None Include="lightfragment_1.fs" />
    <None Include="SkyboxVertex_1.vs" />
    <None Include="SkyboxFragment_1.fs" />
  </ItemGroup>
</Project>